
Microsoft Visual Studio Solution File, Format Version 12.00
# Visual Studio 15
VisualStudioVersion = 15.0.27130.2010
MinimumVisualStudioVersion = 10.0.40219.1
Project("{FAE04EC0-301F-11D3-BF4B-00C04F79EFBC}") = "Hunter", "Hunter\Hunter.csproj", "{1A95DE89-7718-4CED-93D7-D010CF9587B8}"
EndProject
Global
	GlobalSection(SolutionConfigurationPlatforms) = preSolution
		Debug|Any CPU = Debug|Any CPU
		Release|Any CPU = Release|Any CPU
	EndGlobalSection
	GlobalSection(ProjectConfigurationPlatforms) = postSolution
		{1A95DE89-7718-4CED-93D7-D010CF9587B8}.Debug|Any CPU.ActiveCfg = Debug|Any CPU
		{1A95DE89-7718-4CED-93D7-D010CF9587B8}.Debug|Any CPU.Build.0 = Debug|Any CPU
		{1A95DE89-7718-4CED-93D7-D010CF9587B8}.Release|Any CPU.ActiveCfg = Release|Any CPU
		{1A95DE89-7718-4CED-93D7-D010CF9587B8}.Release|Any CPU.Build.0 = Release|Any CPU
	EndGlobalSection
	GlobalSection(SolutionProperties) = preSolution
		HideSolutionNode = FALSE
	EndGlobalSection
	GlobalSection(ExtensibilityGlobals) = postSolution
		SolutionGuid = {2189C477-797F-4199-B712-642833B585A3}
	EndGlobalSection
EndGlobal
